
Microsoft Visual Studio Solution File, Format Version 12.00
# Visual Studio 15
VisualStudioVersion = 15.0.26124.0
MinimumVisualStudioVersion = 15.0.26124.0
Project("{FAE04EC0-301F-11D3-BF4B-00C04F79EFBC}") = "DelegatesLearn.Test", "DelegatesLearn.Test\DelegatesLearn.Test.csproj", "{EB89D3DB-33EA-49A5-9142-306B352D9B25}"
EndProject
Project("{FAE04EC0-301F-11D3-BF4B-00C04F79EFBC}") = "DelegatesLearnProg", "DelegatesLearnProg\DelegatesLearnProg.csproj", "{831CF441-D9BB-45F4-8DD3-9E421C7B0079}"
EndProject
Global
	GlobalSection(SolutionConfigurationPlatforms) = preSolution
		Debug|Any CPU = Debug|Any CPU
		Debug|x64 = Debug|x64
		Debug|x86 = Debug|x86
		Release|Any CPU = Release|Any CPU
		Release|x64 = Release|x64
		Release|x86 = Release|x86
	EndGlobalSection
	GlobalSection(SolutionProperties) = preSolution
		HideSolutionNode = FALSE
	EndGlobalSection
	GlobalSection(ProjectConfigurationPlatforms) = postSolution
		{6EEC09D2-3049-40DA-93C4-533D002B73EC}.Debug|Any CPU.ActiveCfg = Debug|Any CPU
		{6EEC09D2-3049-40DA-93C4-533D002B73EC}.Debug|Any CPU.Build.0 = Debug|Any CPU
		{6EEC09D2-3049-40DA-93C4-533D002B73EC}.Debug|x64.ActiveCfg = Debug|Any CPU
		{6EEC09D2-3049-40DA-93C4-533D002B73EC}.Debug|x64.Build.0 = Debug|Any CPU
		{6EEC09D2-3049-40DA-93C4-533D002B73EC}.Debug|x86.ActiveCfg = Debug|Any CPU
		{6EEC09D2-3049-40DA-93C4-533D002B73EC}.Debug|x86.Build.0 = Debug|Any CPU
		{6EEC09D2-3049-40DA-93C4-533D002B73EC}.Release|Any CPU.ActiveCfg = Release|Any CPU
		{6EEC09D2-3049-40DA-93C4-533D002B73EC}.Release|Any CPU.Build.0 = Release|Any CPU
		{6EEC09D2-3049-40DA-93C4-533D002B73EC}.Release|x64.ActiveCfg = Release|Any CPU
		{6EEC09D2-3049-40DA-93C4-533D002B73EC}.Release|x64.Build.0 = Release|Any CPU
		{6EEC09D2-3049-40DA-93C4-533D002B73EC}.Release|x86.ActiveCfg = Release|Any CPU
		{6EEC09D2-3049-40DA-93C4-533D002B73EC}.Release|x86.Build.0 = Release|Any CPU
		{EB89D3DB-33EA-49A5-9142-306B352D9B25}.Debug|Any CPU.ActiveCfg = Debug|Any CPU
		{EB89D3DB-33EA-49A5-9142-306B352D9B25}.Debug|Any CPU.Build.0 = Debug|Any CPU
		{EB89D3DB-33EA-49A5-9142-306B352D9B25}.Debug|x64.ActiveCfg = Debug|Any CPU
		{EB89D3DB-33EA-49A5-9142-306B352D9B25}.Debug|x64.Build.0 = Debug|Any CPU
		{EB89D3DB-33EA-49A5-9142-306B352D9B25}.Debug|x86.ActiveCfg = Debug|Any CPU
		{EB89D3DB-33EA-49A5-9142-306B352D9B25}.Debug|x86.Build.0 = Debug|Any CPU
		{EB89D3DB-33EA-49A5-9142-306B352D9B25}.Release|Any CPU.ActiveCfg = Release|Any CPU
		{EB89D3DB-33EA-49A5-9142-306B352D9B25}.Release|Any CPU.Build.0 = Release|Any CPU
		{EB89D3DB-33EA-49A5-9142-306B352D9B25}.Release|x64.ActiveCfg = Release|Any CPU
		{EB89D3DB-33EA-49A5-9142-306B352D9B25}.Release|x64.Build.0 = Release|Any CPU
		{EB89D3DB-33EA-49A5-9142-306B352D9B25}.Release|x86.ActiveCfg = Release|Any CPU
		{EB89D3DB-33EA-49A5-9142-306B352D9B25}.Release|x86.Build.0 = Release|Any CPU
		{831CF441-D9BB-45F4-8DD3-9E421C7B0079}.Debug|Any CPU.ActiveCfg = Debug|Any CPU
		{831CF441-D9BB-45F4-8DD3-9E421C7B0079}.Debug|Any CPU.Build.0 = Debug|Any CPU
		{831CF441-D9BB-45F4-8DD3-9E421C7B0079}.Debug|x64.ActiveCfg = Debug|Any CPU
		{831CF441-D9BB-45F4-8DD3-9E421C7B0079}.Debug|x64.Build.0 = Debug|Any CPU
		{831CF441-D9BB-45F4-8DD3-9E421C7B0079}.Debug|x86.ActiveCfg = Debug|Any CPU
		{831CF441-D9BB-45F4-8DD3-9E421C7B0079}.Debug|x86.Build.0 = Debug|Any CPU
		{831CF441-D9BB-45F4-8DD3-9E421C7B0079}.Release|Any CPU.ActiveCfg = Release|Any CPU
		{831CF441-D9BB-45F4-8DD3-9E421C7B0079}.Release|Any CPU.Build.0 = Release|Any CPU
		{831CF441-D9BB-45F4-8DD3-9E421C7B0079}.Release|x64.ActiveCfg = Release|Any CPU
		{831CF441-D9BB-45F4-8DD3-9E421C7B0079}.Release|x64.Build.0 = Release|Any CPU
		{831CF441-D9BB-45F4-8DD3-9E421C7B0079}.Release|x86.ActiveCfg = Release|Any CPU
		{831CF441-D9BB-45F4-8DD3-9E421C7B0079}.Release|x86.Build.0 = Release|Any CPU
	EndGlobalSection
EndGlobal
